
Microsoft Visual Studio Solution File, Format Version 12.00
# Visual Studio Version 17
VisualStudioVersion = 17.1.32421.90
MinimumVisualStudioVersion = 10.0.40219.1
Project("{9A19103F-16F7-4668-BE54-9A1E7A4F7556}") = "Contact_Tracing", "Contact_Tracing\Contact_Tracing.csproj", "{5F9CE4DB-94EC-4458-9998-A5202267829A}"
EndProject
Global
	GlobalSection(SolutionConfigurationPlatforms) = preSolution
		Debug|Any CPU = Debug|Any CPU
		Release|Any CPU = Release|Any CPU
	EndGlobalSection
	GlobalSection(ProjectConfigurationPlatforms) = postSolution
		{5F9CE4DB-94EC-4458-9998-A5202267829A}.Debug|Any CPU.ActiveCfg = Debug|Any CPU
		{5F9CE4DB-94EC-4458-9998-A5202267829A}.Debug|Any CPU.Build.0 = Debug|Any CPU
		{5F9CE4DB-94EC-4458-9998-A5202267829A}.Release|Any CPU.ActiveCfg = Release|Any CPU
		{5F9CE4DB-94EC-4458-9998-A5202267829A}.Release|Any CPU.Build.0 = Release|Any CPU
	EndGlobalSection
	GlobalSection(SolutionProperties) = preSolution
		HideSolutionNode = FALSE
	EndGlobalSection
	GlobalSection(ExtensibilityGlobals) = postSolution
		SolutionGuid = {3A6752C0-D8E0-4EB8-A281-0D12A3A2711D}
	EndGlobalSection
EndGlobal
